
Microsoft Visual Studio Solution File, Format Version 12.00
# Visual Studio Version 17
VisualStudioVersion = 17.7.34202.233
MinimumVisualStudioVersion = 10.0.40219.1
Project("{FAE04EC0-301F-11D3-BF4B-00C04F79EFBC}") = "SorteadorGrupos", "SorteadorGrupos.csproj", "{C6821595-26AE-4B97-934A-6B4BBFAF7ACD}"
EndProject
Global
	GlobalSection(SolutionConfigurationPlatforms) = preSolution
		Debug|Any CPU = Debug|Any CPU
		Release|Any CPU = Release|Any CPU
	EndGlobalSection
	GlobalSection(ProjectConfigurationPlatforms) = postSolution
		{C6821595-26AE-4B97-934A-6B4BBFAF7ACD}.Debug|Any CPU.ActiveCfg = Debug|Any CPU
		{C6821595-26AE-4B97-934A-6B4BBFAF7ACD}.Debug|Any CPU.Build.0 = Debug|Any CPU
		{C6821595-26AE-4B97-934A-6B4BBFAF7ACD}.Release|Any CPU.ActiveCfg = Release|Any CPU
		{C6821595-26AE-4B97-934A-6B4BBFAF7ACD}.Release|Any CPU.Build.0 = Release|Any CPU
	EndGlobalSection
	GlobalSection(SolutionProperties) = preSolution
		HideSolutionNode = FALSE
	EndGlobalSection
	GlobalSection(ExtensibilityGlobals) = postSolution
		SolutionGuid = {95E96D10-4742-4BCA-8314-79D8A2E8BB1B}
	EndGlobalSection
EndGlobal
